// !$*UTF8*$!
{
	archiveVersion = 1;
	classes = {
	};
	objectVersion = 50;
	objects = {

/* Begin PBXBuildFile section */
		AD4C7BD521D7971400592137 /* AppDelegate.swift in Sources */ = {isa = PBXBuildFile; fileRef = AD4C7BD421D7971400592137 /* AppDelegate.swift */; };
		AD4C7BD721D7971400592137 /* ViewController.swift in Sources */ = {isa = PBXBuildFile; fileRef = AD4C7BD621D7971400592137 /* ViewController.swift */; };
		AD4C7BDA21D7971400592137 /* Main.storyboard in Resources */ = {isa = PBXBuildFile; fileRef = AD4C7BD821D7971400592137 /* Main.storyboard */; };
		AD4C7BDC21D7971500592137 /* Assets.xcassets in Resources */ = {isa = PBXBuildFile; fileRef = AD4C7BDB21D7971500592137 /* Assets.xcassets */; };
		AD4C7BDF21D7971500592137 /* LaunchScreen.storyboard in Resources */ = {isa = PBXBuildFile; fileRef = AD4C7BDD21D7971500592137 /* LaunchScreen.storyboard */; };
		AD4C7C2921D7A4DE00592137 /* PresenterTests.swift in Sources */ = {isa = PBXBuildFile; fileRef = AD4C7C2821D7A4DE00592137 /* PresenterTests.swift */; };
		AD4C7C2F21D7A5DF00592137 /* BaseTestCase.swift in Sources */ = {isa = PBXBuildFile; fileRef = AD4C7C2A21D7A5DE00592137 /* BaseTestCase.swift */; };
		AD4C7C3021D7A5DF00592137 /* XCTestCaseExtensions.swift in Sources */ = {isa = PBXBuildFile; fileRef = AD4C7C2B21D7A5DE00592137 /* XCTestCaseExtensions.swift */; };
		AD4C7C3121D7A5DF00592137 /* State.swift in Sources */ = {isa = PBXBuildFile; fileRef = AD4C7C2C21D7A5DE00592137 /* State.swift */; };
		AD4C7C3221D7A5DF00592137 /* Equivalent.swift in Sources */ = {isa = PBXBuildFile; fileRef = AD4C7C2D21D7A5DE00592137 /* Equivalent.swift */; };
		AD4C7C3321D7A5DF00592137 /* CallHandler.swift in Sources */ = {isa = PBXBuildFile; fileRef = AD4C7C2E21D7A5DE00592137 /* CallHandler.swift */; };
		AD4C7C3621D7A64500592137 /* Mock.swift in Sources */ = {isa = PBXBuildFile; fileRef = AD4C7C3521D7A64500592137 /* Mock.swift */; };
/* End PBXBuildFile section */

/* Begin PBXContainerItemProxy section */
		AD4C7BE621D7971500592137 /* PBXContainerItemProxy */ = {
			isa = PBXContainerItemProxy;
			containerPortal = AD4C7BC921D7971400592137 /* Project object */;
			proxyType = 1;
			remoteGlobalIDString = AD4C7BD021D7971400592137;
			remoteInfo = CoreMock;
		};
/* End PBXContainerItemProxy section */

/* Begin PBXCopyFilesBuildPhase section */
		AD4C7C1321D7976600592137 /* Embed Frameworks */ = {
			isa = PBXCopyFilesBuildPhase;
			buildActionMask = 2147483647;
			dstPath = "";
			dstSubfolderSpec = 10;
			files = (
			);
			name = "Embed Frameworks";
			runOnlyForDeploymentPostprocessing = 0;
		};
/* End PBXCopyFilesBuildPhase section */

/* Begin PBXFileReference section */
		AD4C7BD121D7971400592137 /* CoreMock.app */ = {isa = PBXFileReference; explicitFileType = wrapper.application; includeInIndex = 0; path = CoreMock.app; sourceTree = BUILT_PRODUCTS_DIR; };
		AD4C7BD421D7971400592137 /* AppDelegate.swift */ = {isa = PBXFileReference; lastKnownFileType = sourcecode.swift; path = AppDelegate.swift; sourceTree = "<group>"; };
		AD4C7BD621D7971400592137 /* ViewController.swift */ = {isa = PBXFileReference; lastKnownFileType = sourcecode.swift; path = ViewController.swift; sourceTree = "<group>"; };
		AD4C7BD921D7971400592137 /* Base */ = {isa = PBXFileReference; lastKnownFileType = file.storyboard; name = Base; path = Base.lproj/Main.storyboard; sourceTree = "<group>"; };
		AD4C7BDB21D7971500592137 /* Assets.xcassets */ = {isa = PBXFileReference; lastKnownFileType = folder.assetcatalog; path = Assets.xcassets; sourceTree = "<group>"; };
		AD4C7BDE21D7971500592137 /* Base */ = {isa = PBXFileReference; lastKnownFileType = file.storyboard; name = Base; path = Base.lproj/LaunchScreen.storyboard; sourceTree = "<group>"; };
		AD4C7BE021D7971500592137 /* Info.plist */ = {isa = PBXFileReference; lastKnownFileType = text.plist.xml; path = Info.plist; sourceTree = "<group>"; };
		AD4C7BE521D7971500592137 /* CoreMockTests.xctest */ = {isa = PBXFileReference; explicitFileType = wrapper.cfbundle; includeInIndex = 0; path = CoreMockTests.xctest; sourceTree = BUILT_PRODUCTS_DIR; };
		AD4C7BEB21D7971500592137 /* Info.plist */ = {isa = PBXFileReference; lastKnownFileType = text.plist.xml; path = Info.plist; sourceTree = "<group>"; };
		AD4C7C2421D7982400592137 /* XCTest.framework */ = {isa = PBXFileReference; lastKnownFileType = wrapper.framework; name = XCTest.framework; path = Platforms/iPhoneOS.platform/Developer/Library/Frameworks/XCTest.framework; sourceTree = DEVELOPER_DIR; };
		AD4C7C2821D7A4DE00592137 /* PresenterTests.swift */ = {isa = PBXFileReference; lastKnownFileType = sourcecode.swift; path = PresenterTests.swift; sourceTree = "<group>"; };
		AD4C7C2A21D7A5DE00592137 /* BaseTestCase.swift */ = {isa = PBXFileReference; lastKnownFileType = sourcecode.swift; path = BaseTestCase.swift; sourceTree = "<group>"; };
		AD4C7C2B21D7A5DE00592137 /* XCTestCaseExtensions.swift */ = {isa = PBXFileReference; lastKnownFileType = sourcecode.swift; path = XCTestCaseExtensions.swift; sourceTree = "<group>"; };
		AD4C7C2C21D7A5DE00592137 /* State.swift */ = {isa = PBXFileReference; lastKnownFileType = sourcecode.swift; path = State.swift; sourceTree = "<group>"; };
		AD4C7C2D21D7A5DE00592137 /* Equivalent.swift */ = {isa = PBXFileReference; lastKnownFileType = sourcecode.swift; path = Equivalent.swift; sourceTree = "<group>"; };
		AD4C7C2E21D7A5DE00592137 /* CallHandler.swift */ = {isa = PBXFileReference; lastKnownFileType = sourcecode.swift; path = CallHandler.swift; sourceTree = "<group>"; };
		AD4C7C3521D7A64500592137 /* Mock.swift */ = {isa = PBXFileReference; fileEncoding = 4; lastKnownFileType = sourcecode.swift; path = Mock.swift; sourceTree = "<group>"; };
/* End PBXFileReference section */

/* Begin PBXFrameworksBuildPhase section */
		AD4C7BCE21D7971400592137 /* Frameworks */ = {
			isa = PBXFrameworksBuildPhase;
			buildActionMask = 2147483647;
			files = (
			);
			runOnlyForDeploymentPostprocessing = 0;
		};
		AD4C7BE221D7971500592137 /* Frameworks */ = {
			isa = PBXFrameworksBuildPhase;
			buildActionMask = 2147483647;
			files = (
			);
			runOnlyForDeploymentPostprocessing = 0;
		};
/* End PBXFrameworksBuildPhase section */

/* Begin PBXGroup section */
		AD4C7BC821D7971400592137 = {
			isa = PBXGroup;
			children = (
				AD4C7BD321D7971400592137 /* CoreMock */,
				AD4C7BE821D7971500592137 /* CoreMockTests */,
				AD4C7BD221D7971400592137 /* Products */,
				AD4C7C2321D7982400592137 /* Frameworks */,
			);
			sourceTree = "<group>";
		};
		AD4C7BD221D7971400592137 /* Products */ = {
			isa = PBXGroup;
			children = (
				AD4C7BD121D7971400592137 /* CoreMock.app */,
				AD4C7BE521D7971500592137 /* CoreMockTests.xctest */,
			);
			name = Products;
			sourceTree = "<group>";
		};
		AD4C7BD321D7971400592137 /* CoreMock */ = {
			isa = PBXGroup;
			children = (
				AD4C7BD421D7971400592137 /* AppDelegate.swift */,
				AD4C7BD621D7971400592137 /* ViewController.swift */,
				AD4C7BD821D7971400592137 /* Main.storyboard */,
				AD4C7BDB21D7971500592137 /* Assets.xcassets */,
				AD4C7BDD21D7971500592137 /* LaunchScreen.storyboard */,
				AD4C7BE021D7971500592137 /* Info.plist */,
			);
			path = CoreMock;
			sourceTree = "<group>";
		};
		AD4C7BE821D7971500592137 /* CoreMockTests */ = {
			isa = PBXGroup;
			children = (
				AD4C7C3421D7A5ED00592137 /* CoreMock */,
				AD4C7C2821D7A4DE00592137 /* PresenterTests.swift */,
				AD4C7BEB21D7971500592137 /* Info.plist */,
			);
			path = CoreMockTests;
			sourceTree = "<group>";
		};
		AD4C7C2321D7982400592137 /* Frameworks */ = {
			isa = PBXGroup;
			children = (
				AD4C7C2421D7982400592137 /* XCTest.framework */,
			);
			name = Frameworks;
			sourceTree = "<group>";
		};
		AD4C7C3421D7A5ED00592137 /* CoreMock */ = {
			isa = PBXGroup;
			children = (
				AD4C7C3521D7A64500592137 /* Mock.swift */,
				AD4C7C2A21D7A5DE00592137 /* BaseTestCase.swift */,
				AD4C7C2E21D7A5DE00592137 /* CallHandler.swift */,
				AD4C7C2D21D7A5DE00592137 /* Equivalent.swift */,
				AD4C7C2C21D7A5DE00592137 /* State.swift */,
				AD4C7C2B21D7A5DE00592137 /* XCTestCaseExtensions.swift */,
			);
			path = CoreMock;
			sourceTree = "<group>";
		};
/* End PBXGroup section */

/* Begin PBXNativeTarget section */
		AD4C7BD021D7971400592137 /* CoreMock */ = {
			isa = PBXNativeTarget;
			buildConfigurationList = AD4C7BEE21D7971500592137 /* Build configuration list for PBXNativeTarget "CoreMock" */;
			buildPhases = (
				AD4C7BCD21D7971400592137 /* Sources */,
				AD4C7BCE21D7971400592137 /* Frameworks */,
				AD4C7BCF21D7971400592137 /* Resources */,
				AD4C7C1321D7976600592137 /* Embed Frameworks */,
			);
			buildRules = (
			);
			dependencies = (
			);
			name = CoreMock;
			productName = CoreMock;
			productReference = AD4C7BD121D7971400592137 /* CoreMock.app */;
			productType = "com.apple.product-type.application";
		};
		AD4C7BE421D7971500592137 /* CoreMockTests */ = {
			isa = PBXNativeTarget;
			buildConfigurationList = AD4C7BF121D7971500592137 /* Build configuration list for PBXNativeTarget "CoreMockTests" */;
			buildPhases = (
				AD4C7BE121D7971500592137 /* Sources */,
				AD4C7BE221D7971500592137 /* Frameworks */,
				AD4C7BE321D7971500592137 /* Resources */,
			);
			buildRules = (
			);
			dependencies = (
				AD4C7BE721D7971500592137 /* PBXTargetDependency */,
			);
			name = CoreMockTests;
			productName = CoreMockTests;
			productReference = AD4C7BE521D7971500592137 /* CoreMockTests.xctest */;
			productType = "com.apple.product-type.bundle.unit-test";
		};
/* End PBXNativeTarget section */

/* Begin PBXProject section */
		AD4C7BC921D7971400592137 /* Project object */ = {
			isa = PBXProject;
			attributes = {
				LastSwiftUpdateCheck = 1010;
				LastUpgradeCheck = 1010;
				ORGANIZATIONNAME = "Andrey Panov";
				TargetAttributes = {
					AD4C7BD021D7971400592137 = {
						CreatedOnToolsVersion = 10.1;
					};
					AD4C7BE421D7971500592137 = {
						CreatedOnToolsVersion = 10.1;
						TestTargetID = AD4C7BD021D7971400592137;
					};
				};
			};
			buildConfigurationList = AD4C7BCC21D7971400592137 /* Build configuration list for PBXProject "CoreMock" */;
			compatibilityVersion = "Xcode 9.3";
			developmentRegion = en;
			hasScannedForEncodings = 0;
			knownRegions = (
				en,
				Base,
			);
			mainGroup = AD4C7BC821D7971400592137;
			productRefGroup = AD4C7BD221D7971400592137 /* Products */;
			projectDirPath = "";
			projectRoot = "";
			targets = (
				AD4C7BD021D7971400592137 /* CoreMock */,
				AD4C7BE421D7971500592137 /* CoreMockTests */,
			);
		};
/* End PBXProject section */

/* Begin PBXResourcesBuildPhase section */
		AD4C7BCF21D7971400592137 /* Resources */ = {
			isa = PBXResourcesBuildPhase;
			buildActionMask = 2147483647;
			files = (
				AD4C7BDF21D7971500592137 /* LaunchScreen.storyboard in Resources */,
				AD4C7BDC21D7971500592137 /* Assets.xcassets in Resources */,
				AD4C7BDA21D7971400592137 /* Main.storyboard in Resources */,
			);
			runOnlyForDeploymentPostprocessing = 0;
		};
		AD4C7BE321D7971500592137 /* Resources */ = {
			isa = PBXResourcesBuildPhase;
			buildActionMask = 2147483647;
			files = (
			);
			runOnlyForDeploymentPostprocessing = 0;
		};
/* End PBXResourcesBuildPhase section */

/* Begin PBXSourcesBuildPhase section */
		AD4C7BCD21D7971400592137 /* Sources */ = {
			isa = PBXSourcesBuildPhase;
			buildActionMask = 2147483647;
			files = (
				AD4C7BD721D7971400592137 /* ViewController.swift in Sources */,
				AD4C7BD521D7971400592137 /* AppDelegate.swift in Sources */,
			);
			runOnlyForDeploymentPostprocessing = 0;
		};
		AD4C7BE121D7971500592137 /* Sources */ = {
			isa = PBXSourcesBuildPhase;
			buildActionMask = 2147483647;
			files = (
				AD4C7C3021D7A5DF00592137 /* XCTestCaseExtensions.swift in Sources */,
				AD4C7C3221D7A5DF00592137 /* Equivalent.swift in Sources */,
				AD4C7C2F21D7A5DF00592137 /* BaseTestCase.swift in Sources */,
				AD4C7C3621D7A64500592137 /* Mock.swift in Sources */,
				AD4C7C2921D7A4DE00592137 /* PresenterTests.swift in Sources */,
				AD4C7C3321D7A5DF00592137 /* CallHandler.swift in Sources */,
				AD4C7C3121D7A5DF00592137 /* State.swift in Sources */,
			);
			runOnlyForDeploymentPostprocessing = 0;
		};
/* End PBXSourcesBuildPhase section */

/* Begin PBXTargetDependency section */
		AD4C7BE721D7971500592137 /* PBXTargetDependency */ = {
			isa = PBXTargetDependency;
			target = AD4C7BD021D7971400592137 /* CoreMock */;
			targetProxy = AD4C7BE621D7971500592137 /* PBXContainerItemProxy */;
		};
/* End PBXTargetDependency section */

/* Begin PBXVariantGroup section */
		AD4C7BD821D7971400592137 /* Main.storyboard */ = {
			isa = PBXVariantGroup;
			children = (
				AD4C7BD921D7971400592137 /* Base */,
			);
			name = Main.storyboard;
			sourceTree = "<group>";
		};
		AD4C7BDD21D7971500592137 /* LaunchScreen.storyboard */ = {
			isa = PBXVariantGroup;
			children = (
				AD4C7BDE21D7971500592137 /* Base */,
			);
			name = LaunchScreen.storyboard;
			sourceTree = "<group>";
		};
/* End PBXVariantGroup section */

/* Begin XCBuildConfiguration section */
		AD4C7BEC21D7971500592137 /* Debug */ = {
			isa = XCBuildConfiguration;
			buildSettings = {
				ALWAYS_SEARCH_USER_PATHS = NO;
				CLANG_ANALYZER_NONNULL = YES;
				CLANG_ANALYZER_NUMBER_OBJECT_CONVERSION = YES_AGGRESSIVE;
				CLANG_CXX_LANGUAGE_STANDARD = "gnu++14";
				CLANG_CXX_LIBRARY = "libc++";
				CLANG_ENABLE_MODULES = YES;
				CLANG_ENABLE_OBJC_ARC = YES;
				CLANG_ENABLE_OBJC_WEAK = YES;
				CLANG_WARN_BLOCK_CAPTURE_AUTORELEASING = YES;
				CLANG_WARN_BOOL_CONVERSION = YES;
				CLANG_WARN_COMMA = YES;
				CLANG_WARN_CONSTANT_CONVERSION = YES;
				CLANG_WARN_DEPRECATED_OBJC_IMPLEMENTATIONS = YES;
				CLANG_WARN_DIRECT_OBJC_ISA_USAGE = YES_ERROR;
				CLANG_WARN_DOCUMENTATION_COMMENTS = YES;
				CLANG_WARN_EMPTY_BODY = YES;
				CLANG_WARN_ENUM_CONVERSION = YES;
				CLANG_WARN_INFINITE_RECURSION = YES;
				CLANG_WARN_INT_CONVERSION = YES;
				CLANG_WARN_NON_LITERAL_NULL_CONVERSION = YES;
				CLANG_WARN_OBJC_IMPLICIT_RETAIN_SELF = YES;
				CLANG_WARN_OBJC_LITERAL_CONVERSION = YES;
				CLANG_WARN_OBJC_ROOT_CLASS = YES_ERROR;
				CLANG_WARN_RANGE_LOOP_ANALYSIS = YES;
				CLANG_WARN_STRICT_PROTOTYPES = YES;
				CLANG_WARN_SUSPICIOUS_MOVE = YES;
				CLANG_WARN_UNGUARDED_AVAILABILITY = YES_AGGRESSIVE;
				CLANG_WARN_UNREACHABLE_CODE = YES;
				CLANG_WARN__DUPLICATE_METHOD_MATCH = YES;
				CODE_SIGN_IDENTITY = "iPhone Developer";
				COPY_PHASE_STRIP = NO;
				DEBUG_INFORMATION_FORMAT = dwarf;
				ENABLE_STRICT_OBJC_MSGSEND = YES;
				ENABLE_TESTABILITY = YES;
				GCC_C_LANGUAGE_STANDARD = gnu11;
				GCC_DYNAMIC_NO_PIC = NO;
				GCC_NO_COMMON_BLOCKS = YES;
				GCC_OPTIMIZATION_LEVEL = 0;
				GCC_PREPROCESSOR_DEFINITIONS = (
					"DEBUG=1",
					"$(inherited)",
				);
				GCC_WARN_64_TO_32_BIT_CONVERSION = YES;
				GCC_WARN_ABOUT_RETURN_TYPE = YES_ERROR;
				GCC_WARN_UNDECLARED_SELECTOR = YES;
				GCC_WARN_UNINITIALIZED_AUTOS = YES_AGGRESSIVE;
				GCC_WARN_UNUSED_FUNCTION = YES;
				GCC_WARN_UNUSED_VARIABLE = YES;
				IPHONEOS_DEPLOYMENT_TARGET = 12.1;
				MTL_ENABLE_DEBUG_INFO = INCLUDE_SOURCE;
				MTL_FAST_MATH = YES;
				ONLY_ACTIVE_ARCH = YES;
				SDKROOT = iphoneos;
				SWIFT_ACTIVE_COMPILATION_CONDITIONS = DEBUG;
				SWIFT_OPTIMIZATION_LEVEL = "-Onone";
			};
			name = Debug;
		};
		AD4C7BED21D7971500592137 /* Release */ = {
			isa = XCBuildConfiguration;
			buildSettings = {
				ALWAYS_SEARCH_USER_PATHS = NO;
				CLANG_ANALYZER_NONNULL = YES;
				CLANG_ANALYZER_NUMBER_OBJECT_CONVERSION = YES_AGGRESSIVE;
				CLANG_CXX_LANGUAGE_STANDARD = "gnu++14";
				CLANG_CXX_LIBRARY = "libc++";
				CLANG_ENABLE_MODULES = YES;
				CLANG_ENABLE_OBJC_ARC = YES;
				CLANG_ENABLE_OBJC_WEAK = YES;
				CLANG_WARN_BLOCK_CAPTURE_AUTORELEASING = YES;
				CLANG_WARN_BOOL_CONVERSION = YES;
				CLANG_WARN_COMMA = YES;
				CLANG_WARN_CONSTANT_CONVERSION = YES;
				CLANG_WARN_DEPRECATED_OBJC_IMPLEMENTATIONS = YES;
				CLANG_WARN_DIRECT_OBJC_ISA_USAGE = YES_ERROR;
				CLANG_WARN_DOCUMENTATION_COMMENTS = YES;
				CLANG_WARN_EMPTY_BODY = YES;
				CLANG_WARN_ENUM_CONVERSION = YES;
				CLANG_WARN_INFINITE_RECURSION = YES;
				CLANG_WARN_INT_CONVERSION = YES;
				CLANG_WARN_NON_LITERAL_NULL_CONVERSION = YES;
				CLANG_WARN_OBJC_IMPLICIT_RETAIN_SELF = YES;
				CLANG_WARN_OBJC_LITERAL_CONVERSION = YES;
				CLANG_WARN_OBJC_ROOT_CLASS = YES_ERROR;
				CLANG_WARN_RANGE_LOOP_ANALYSIS = YES;
				CLANG_WARN_STRICT_PROTOTYPES = YES;
				CLANG_WARN_SUSPICIOUS_MOVE = YES;
				CLANG_WARN_UNGUARDED_AVAILABILITY = YES_AGGRESSIVE;
				CLANG_WARN_UNREACHABLE_CODE = YES;
				CLANG_WARN__DUPLICATE_METHOD_MATCH = YES;
				CODE_SIGN_IDENTITY = "iPhone Developer";
				COPY_PHASE_STRIP = NO;
				DEBUG_INFORMATION_FORMAT = "dwarf-with-dsym";
				ENABLE_NS_ASSERTIONS = NO;
				ENABLE_STRICT_OBJC_MSGSEND = YES;
				GCC_C_LANGUAGE_STANDARD = gnu11;
				GCC_NO_COMMON_BLOCKS = YES;
				GCC_WARN_64_TO_32_BIT_CONVERSION = YES;
				GCC_WARN_ABOUT_RETURN_TYPE = YES_ERROR;
				GCC_WARN_UNDECLARED_SELECTOR = YES;
				GCC_WARN_UNINITIALIZED_AUTOS = YES_AGGRESSIVE;
				GCC_WARN_UNUSED_FUNCTION = YES;
				GCC_WARN_UNUSED_VARIABLE = YES;
				IPHONEOS_DEPLOYMENT_TARGET = 12.1;
				MTL_ENABLE_DEBUG_INFO = NO;
				MTL_FAST_MATH = YES;
				SDKROOT = iphoneos;
				SWIFT_COMPILATION_MODE = wholemodule;
				SWIFT_OPTIMIZATION_LEVEL = "-O";
				VALIDATE_PRODUCT = YES;
			};
			name = Release;
		};
		AD4C7BEF21D7971500592137 /* Debug */ = {
			isa = XCBuildConfiguration;
			buildSettings = {
				ALWAYS_EMBED_SWIFT_STANDARD_LIBRARIES = YES;
				ASSETCATALOG_COMPILER_APPICON_NAME = AppIcon;
				CODE_SIGN_STYLE = Automatic;
				DEVELOPMENT_TEAM = CMMP26MFB2;
				INFOPLIST_FILE = CoreMock/Info.plist;
				LD_RUNPATH_SEARCH_PATHS = (
					"$(inherited)",
					"@executable_path/Frameworks",
				);
				PRODUCT_BUNDLE_IDENTIFIER = com.panov.CoreMock;
				PRODUCT_NAME = "$(TARGET_NAME)";
				SWIFT_VERSION = 4.2;
				TARGETED_DEVICE_FAMILY = "1,2";
			};
			name = Debug;
		};
		AD4C7BF021D7971500592137 /* Release */ = {
			isa = XCBuildConfiguration;
			buildSettings = {
				ALWAYS_EMBED_SWIFT_STANDARD_LIBRARIES = YES;
				ASSETCATALOG_COMPILER_APPICON_NAME = AppIcon;
				CODE_SIGN_STYLE = Automatic;
				DEVELOPMENT_TEAM = CMMP26MFB2;
				INFOPLIST_FILE = CoreMock/Info.plist;
				LD_RUNPATH_SEARCH_PATHS = (
					"$(inherited)",
					"@executable_path/Frameworks",
				);
				PRODUCT_BUNDLE_IDENTIFIER = com.panov.CoreMock;
				PRODUCT_NAME = "$(TARGET_NAME)";
				SWIFT_VERSION = 4.2;
				TARGETED_DEVICE_FAMILY = "1,2";
			};
			name = Release;
		};
		AD4C7BF221D7971500592137 /* Debug */ = {
			isa = XCBuildConfiguration;
			buildSettings = {
				ALWAYS_EMBED_SWIFT_STANDARD_LIBRARIES = YES;
				BUNDLE_LOADER = "$(TEST_HOST)";
				CODE_SIGN_STYLE = Automatic;
				DEVELOPMENT_TEAM = CMMP26MFB2;
				INFOPLIST_FILE = CoreMockTests/Info.plist;
				LD_RUNPATH_SEARCH_PATHS = (
					"$(inherited)",
					"@executable_path/Frameworks",
					"@loader_path/Frameworks",
				);
				PRODUCT_BUNDLE_IDENTIFIER = com.panov.CoreMockTests;
				PRODUCT_NAME = "$(TARGET_NAME)";
				SWIFT_VERSION = 4.2;
				TARGETED_DEVICE_FAMILY = "1,2";
				TEST_HOST = "$(BUILT_PRODUCTS_DIR)/CoreMock.app/CoreMock";
			};
			name = Debug;
		};
		AD4C7BF321D7971500592137 /* Release */ = {
			isa = XCBuildConfiguration;
			buildSettings = {
				ALWAYS_EMBED_SWIFT_STANDARD_LIBRARIES = YES;
				BUNDLE_LOADER = "$(TEST_HOST)";
				CODE_SIGN_STYLE = Automatic;
				DEVELOPMENT_TEAM = CMMP26MFB2;
				INFOPLIST_FILE = CoreMockTests/Info.plist;
				LD_RUNPATH_SEARCH_PATHS = (
					"$(inherited)",
					"@executable_path/Frameworks",
					"@loader_path/Frameworks",
				);
				PRODUCT_BUNDLE_IDENTIFIER = com.panov.CoreMockTests;
				PRODUCT_NAME = "$(TARGET_NAME)";
				SWIFT_VERSION = 4.2;
				TARGETED_DEVICE_FAMILY = "1,2";
				TEST_HOST = "$(BUILT_PRODUCTS_DIR)/CoreMock.app/CoreMock";
			};
			name = Release;
		};
/* End XCBuildConfiguration section */

/* Begin XCConfigurationList section */
		AD4C7BCC21D7971400592137 /* Build configuration list for PBXProject "CoreMock" */ = {
			isa = XCConfigurationList;
			buildConfigurations = (
				AD4C7BEC21D7971500592137 /* Debug */,
				AD4C7BED21D7971500592137 /* Release */,
			);
			defaultConfigurationIsVisible = 0;
			defaultConfigurationName = Release;
		};
		AD4C7BEE21D7971500592137 /* Build configuration list for PBXNativeTarget "CoreMock" */ = {
			isa = XCConfigurationList;
			buildConfigurations = (
				AD4C7BEF21D7971500592137 /* Debug */,
				AD4C7BF021D7971500592137 /* Release */,
			);
			defaultConfigurationIsVisible = 0;
			defaultConfigurationName = Release;
		};
		AD4C7BF121D7971500592137 /* Build configuration list for PBXNativeTarget "CoreMockTests" */ = {
			isa = XCConfigurationList;
			buildConfigurations = (
				AD4C7BF221D7971500592137 /* Debug */,
				AD4C7BF321D7971500592137 /* Release */,
			);
			defaultConfigurationIsVisible = 0;
			defaultConfigurationName = Release;
		};
/* End XCConfigurationList section */
	};
	rootObject = AD4C7BC921D7971400592137 /* Project object */;
}
